// !$*UTF8*$!
{
	archiveVersion = 1;
	classes = {
	};
	objectVersion = 56;
	objects = {

/* Begin PBXBuildFile section */
		FC0A64812C1D2A2800663EE9 /* WebView.swift in Sources */ = {isa = PBXBuildFile; fileRef = FC0A64802C1D2A2800663EE9 /* WebView.swift */; };
		FC2BD5042C1BFC5200E4A713 /* CategoryView.swift in Sources */ = {isa = PBXBuildFile; fileRef = FC2BD5032C1BFC5200E4A713 /* CategoryView.swift */; };
		FC2BD5062C1BFC8E00E4A713 /* CategoryView-ViewModel.swift in Sources */ = {isa = PBXBuildFile; fileRef = FC2BD5052C1BFC8E00E4A713 /* CategoryView-ViewModel.swift */; };
		FC2BD5082C1C054300E4A713 /* CategoryView-ViewModelTests.swift in Sources */ = {isa = PBXBuildFile; fileRef = FC2BD5072C1C054300E4A713 /* CategoryView-ViewModelTests.swift */; };
		FC4AD32A2C190FF2000EDBB2 /* MealItem.swift in Sources */ = {isa = PBXBuildFile; fileRef = FC4AD3292C190FF1000EDBB2 /* MealItem.swift */; };
		FC4AD32C2C190FFA000EDBB2 /* Meal+Extension.swift in Sources */ = {isa = PBXBuildFile; fileRef = FC4AD32B2C190FFA000EDBB2 /* Meal+Extension.swift */; };
		FC4AD32E2C19171D000EDBB2 /* Meal.swift in Sources */ = {isa = PBXBuildFile; fileRef = FC4AD32D2C19171D000EDBB2 /* Meal.swift */; };
		FC4AD3302C19228E000EDBB2 /* MealItem+Extension.swift in Sources */ = {isa = PBXBuildFile; fileRef = FC4AD32F2C19228E000EDBB2 /* MealItem+Extension.swift */; };
		FC4AD3332C192C6C000EDBB2 /* Session.swift in Sources */ = {isa = PBXBuildFile; fileRef = FC4AD3322C192C6C000EDBB2 /* Session.swift */; };
		FC4AD3352C192DD0000EDBB2 /* Network.swift in Sources */ = {isa = PBXBuildFile; fileRef = FC4AD3342C192DD0000EDBB2 /* Network.swift */; };
		FC4AD3382C193944000EDBB2 /* NetworkTests.swift in Sources */ = {isa = PBXBuildFile; fileRef = FC4AD3372C193944000EDBB2 /* NetworkTests.swift */; };
		FC4AD33B2C19398C000EDBB2 /* MockSession.swift in Sources */ = {isa = PBXBuildFile; fileRef = FC4AD33A2C19398C000EDBB2 /* MockSession.swift */; };
		FC4AD33D2C194B88000EDBB2 /* NetworkProvider.swift in Sources */ = {isa = PBXBuildFile; fileRef = FC4AD33C2C194B88000EDBB2 /* NetworkProvider.swift */; };
		FC4AD33F2C1955DE000EDBB2 /* MockNetworkProvider.swift in Sources */ = {isa = PBXBuildFile; fileRef = FC4AD33E2C1955DE000EDBB2 /* MockNetworkProvider.swift */; };
		FC8A73042C1CFF9300E9FCB4 /* PreviewNetworkProvider.swift in Sources */ = {isa = PBXBuildFile; fileRef = FC8A73032C1CFF9300E9FCB4 /* PreviewNetworkProvider.swift */; };
		FC8A73062C1D0D8F00E9FCB4 /* ErrorView.swift in Sources */ = {isa = PBXBuildFile; fileRef = FC8A73052C1D0D8F00E9FCB4 /* ErrorView.swift */; };
		FC8A73092C1D18FC00E9FCB4 /* MealDetailsView+Extension.swift in Sources */ = {isa = PBXBuildFile; fileRef = FC8A73082C1D18FC00E9FCB4 /* MealDetailsView+Extension.swift */; };
		FC8F6A7B2C190B0E00D9A975 /* FetchMealsApp.swift in Sources */ = {isa = PBXBuildFile; fileRef = FC8F6A7A2C190B0E00D9A975 /* FetchMealsApp.swift */; };
		FC8F6A7F2C190B1000D9A975 /* Assets.xcassets in Resources */ = {isa = PBXBuildFile; fileRef = FC8F6A7E2C190B1000D9A975 /* Assets.xcassets */; };
		FC8F6A822C190B1000D9A975 /* Preview Assets.xcassets in Resources */ = {isa = PBXBuildFile; fileRef = FC8F6A812C190B1000D9A975 /* Preview Assets.xcassets */; };
		FC8F6A962C190B1000D9A975 /* FetchMealsUITests.swift in Sources */ = {isa = PBXBuildFile; fileRef = FC8F6A952C190B1000D9A975 /* FetchMealsUITests.swift */; };
		FC8F6A982C190B1000D9A975 /* FetchMealsUITestsLaunchTests.swift in Sources */ = {isa = PBXBuildFile; fileRef = FC8F6A972C190B1000D9A975 /* FetchMealsUITestsLaunchTests.swift */; };
		FCB4979B2C1BA4FF00ECDBBC /* NetworkProviderTests.swift in Sources */ = {isa = PBXBuildFile; fileRef = FCB4979A2C1BA4FF00ECDBBC /* NetworkProviderTests.swift */; };
		FCB4979F2C1BB95500ECDBBC /* MealsView-ViewModelTests.swift in Sources */ = {isa = PBXBuildFile; fileRef = FCB4979E2C1BB95500ECDBBC /* MealsView-ViewModelTests.swift */; };
		FCB497A12C1BCFC000ECDBBC /* MealDetailsView-ViewModelTests.swift in Sources */ = {isa = PBXBuildFile; fileRef = FCB497A02C1BCFC000ECDBBC /* MealDetailsView-ViewModelTests.swift */; };
		FCB497A32C1BD95F00ECDBBC /* MealCategory.swift in Sources */ = {isa = PBXBuildFile; fileRef = FCB497A22C1BD95F00ECDBBC /* MealCategory.swift */; };
		FCF45F082C1A669A0067389C /* MealsView.swift in Sources */ = {isa = PBXBuildFile; fileRef = FCF45F072C1A669A0067389C /* MealsView.swift */; };
		FCF45F0A2C1A66E60067389C /* MealsView-ViewModel.swift in Sources */ = {isa = PBXBuildFile; fileRef = FCF45F092C1A66E60067389C /* MealsView-ViewModel.swift */; };
		FCF45F0C2C1A68520067389C /* ViewState.swift in Sources */ = {isa = PBXBuildFile; fileRef = FCF45F0B2C1A68520067389C /* ViewState.swift */; };
		FCF45F0E2C1A819C0067389C /* NavigationRouter.swift in Sources */ = {isa = PBXBuildFile; fileRef = FCF45F0D2C1A819C0067389C /* NavigationRouter.swift */; };
		FCF45F102C1A82F40067389C /* RootView.swift in Sources */ = {isa = PBXBuildFile; fileRef = FCF45F0F2C1A82F40067389C /* RootView.swift */; };
		FCF45F122C1A84240067389C /* MealDetailsView.swift in Sources */ = {isa = PBXBuildFile; fileRef = FCF45F112C1A84230067389C /* MealDetailsView.swift */; };
		FCF45F142C1A90800067389C /* MealDetailsView-ViewModel.swift in Sources */ = {isa = PBXBuildFile; fileRef = FCF45F132C1A90800067389C /* MealDetailsView-ViewModel.swift */; };
/* End PBXBuildFile section */

/* Begin PBXContainerItemProxy section */
		FC8F6A882C190B1000D9A975 /* PBXContainerItemProxy */ = {
			isa = PBXContainerItemProxy;
			containerPortal = FC8F6A6F2C190B0E00D9A975 /* Project object */;
			proxyType = 1;
			remoteGlobalIDString = FC8F6A762C190B0E00D9A975;
			remoteInfo = FetchMeals;
		};
		FC8F6A922C190B1000D9A975 /* PBXContainerItemProxy */ = {
			isa = PBXContainerItemProxy;
			containerPortal = FC8F6A6F2C190B0E00D9A975 /* Project object */;
			proxyType = 1;
			remoteGlobalIDString = FC8F6A762C190B0E00D9A975;
			remoteInfo = FetchMeals;
		};
/* End PBXContainerItemProxy section */

/* Begin PBXFileReference section */
		FC0A64802C1D2A2800663EE9 /* WebView.swift */ = {isa = PBXFileReference; lastKnownFileType = sourcecode.swift; path = WebView.swift; sourceTree = "<group>"; };
		FC2BD5032C1BFC5200E4A713 /* CategoryView.swift */ = {isa = PBXFileReference; lastKnownFileType = sourcecode.swift; path = CategoryView.swift; sourceTree = "<group>"; };
		FC2BD5052C1BFC8E00E4A713 /* CategoryView-ViewModel.swift */ = {isa = PBXFileReference; lastKnownFileType = sourcecode.swift; path = "CategoryView-ViewModel.swift"; sourceTree = "<group>"; };
		FC2BD5072C1C054300E4A713 /* CategoryView-ViewModelTests.swift */ = {isa = PBXFileReference; lastKnownFileType = sourcecode.swift; path = "CategoryView-ViewModelTests.swift"; sourceTree = "<group>"; };
		FC4AD3292C190FF1000EDBB2 /* MealItem.swift */ = {isa = PBXFileReference; lastKnownFileType = sourcecode.swift; path = MealItem.swift; sourceTree = "<group>"; };
		FC4AD32B2C190FFA000EDBB2 /* Meal+Extension.swift */ = {isa = PBXFileReference; lastKnownFileType = sourcecode.swift; path = "Meal+Extension.swift"; sourceTree = "<group>"; };
		FC4AD32D2C19171D000EDBB2 /* Meal.swift */ = {isa = PBXFileReference; lastKnownFileType = sourcecode.swift; path = Meal.swift; sourceTree = "<group>"; };
		FC4AD32F2C19228E000EDBB2 /* MealItem+Extension.swift */ = {isa = PBXFileReference; lastKnownFileType = sourcecode.swift; path = "MealItem+Extension.swift"; sourceTree = "<group>"; };
		FC4AD3322C192C6C000EDBB2 /* Session.swift */ = {isa = PBXFileReference; lastKnownFileType = sourcecode.swift; path = Session.swift; sourceTree = "<group>"; };
		FC4AD3342C192DD0000EDBB2 /* Network.swift */ = {isa = PBXFileReference; lastKnownFileType = sourcecode.swift; path = Network.swift; sourceTree = "<group>"; };
		FC4AD3372C193944000EDBB2 /* NetworkTests.swift */ = {isa = PBXFileReference; lastKnownFileType = sourcecode.swift; path = NetworkTests.swift; sourceTree = "<group>"; };
		FC4AD33A2C19398C000EDBB2 /* MockSession.swift */ = {isa = PBXFileReference; lastKnownFileType = sourcecode.swift; path = MockSession.swift; sourceTree = "<group>"; };
		FC4AD33C2C194B88000EDBB2 /* NetworkProvider.swift */ = {isa = PBXFileReference; lastKnownFileType = sourcecode.swift; path = NetworkProvider.swift; sourceTree = "<group>"; };
		FC4AD33E2C1955DE000EDBB2 /* MockNetworkProvider.swift */ = {isa = PBXFileReference; lastKnownFileType = sourcecode.swift; path = MockNetworkProvider.swift; sourceTree = "<group>"; };
		FC8A73032C1CFF9300E9FCB4 /* PreviewNetworkProvider.swift */ = {isa = PBXFileReference; lastKnownFileType = sourcecode.swift; path = PreviewNetworkProvider.swift; sourceTree = "<group>"; };
		FC8A73052C1D0D8F00E9FCB4 /* ErrorView.swift */ = {isa = PBXFileReference; lastKnownFileType = sourcecode.swift; path = ErrorView.swift; sourceTree = "<group>"; };
		FC8A73082C1D18FC00E9FCB4 /* MealDetailsView+Extension.swift */ = {isa = PBXFileReference; lastKnownFileType = sourcecode.swift; path = "MealDetailsView+Extension.swift"; sourceTree = "<group>"; };
		FC8F6A772C190B0E00D9A975 /* FetchMeals.app */ = {isa = PBXFileReference; explicitFileType = wrapper.application; includeInIndex = 0; path = FetchMeals.app; sourceTree = BUILT_PRODUCTS_DIR; };
		FC8F6A7A2C190B0E00D9A975 /* FetchMealsApp.swift */ = {isa = PBXFileReference; lastKnownFileType = sourcecode.swift; path = FetchMealsApp.swift; sourceTree = "<group>"; };
		FC8F6A7E2C190B1000D9A975 /* Assets.xcassets */ = {isa = PBXFileReference; lastKnownFileType = folder.assetcatalog; path = Assets.xcassets; sourceTree = "<group>"; };
		FC8F6A812C190B1000D9A975 /* Preview Assets.xcassets */ = {isa = PBXFileReference; lastKnownFileType = folder.assetcatalog; path = "Preview Assets.xcassets"; sourceTree = "<group>"; };
		FC8F6A872C190B1000D9A975 /* FetchMealsTests.xctest */ = {isa = PBXFileReference; explicitFileType = wrapper.cfbundle; includeInIndex = 0; path = FetchMealsTests.xctest; sourceTree = BUILT_PRODUCTS_DIR; };
		FC8F6A912C190B1000D9A975 /* FetchMealsUITests.xctest */ = {isa = PBXFileReference; explicitFileType = wrapper.cfbundle; includeInIndex = 0; path = FetchMealsUITests.xctest; sourceTree = BUILT_PRODUCTS_DIR; };
		FC8F6A952C190B1000D9A975 /* FetchMealsUITests.swift */ = {isa = PBXFileReference; lastKnownFileType = sourcecode.swift; path = FetchMealsUITests.swift; sourceTree = "<group>"; };
		FC8F6A972C190B1000D9A975 /* FetchMealsUITestsLaunchTests.swift */ = {isa = PBXFileReference; lastKnownFileType = sourcecode.swift; path = FetchMealsUITestsLaunchTests.swift; sourceTree = "<group>"; };
		FCB4979A2C1BA4FF00ECDBBC /* NetworkProviderTests.swift */ = {isa = PBXFileReference; lastKnownFileType = sourcecode.swift; path = NetworkProviderTests.swift; sourceTree = "<group>"; };
		FCB4979C2C1BB37D00ECDBBC /* FetchMeals.xctestplan */ = {isa = PBXFileReference; lastKnownFileType = text; path = FetchMeals.xctestplan; sourceTree = "<group>"; };
		FCB4979E2C1BB95500ECDBBC /* MealsView-ViewModelTests.swift */ = {isa = PBXFileReference; lastKnownFileType = sourcecode.swift; path = "MealsView-ViewModelTests.swift"; sourceTree = "<group>"; };
		FCB497A02C1BCFC000ECDBBC /* MealDetailsView-ViewModelTests.swift */ = {isa = PBXFileReference; lastKnownFileType = sourcecode.swift; path = "MealDetailsView-ViewModelTests.swift"; sourceTree = "<group>"; };
		FCB497A22C1BD95F00ECDBBC /* MealCategory.swift */ = {isa = PBXFileReference; lastKnownFileType = sourcecode.swift; path = MealCategory.swift; sourceTree = "<group>"; };
		FCF45F072C1A669A0067389C /* MealsView.swift */ = {isa = PBXFileReference; lastKnownFileType = sourcecode.swift; path = MealsView.swift; sourceTree = "<group>"; };
		FCF45F092C1A66E60067389C /* MealsView-ViewModel.swift */ = {isa = PBXFileReference; lastKnownFileType = sourcecode.swift; path = "MealsView-ViewModel.swift"; sourceTree = "<group>"; };
		FCF45F0B2C1A68520067389C /* ViewState.swift */ = {isa = PBXFileReference; lastKnownFileType = sourcecode.swift; path = ViewState.swift; sourceTree = "<group>"; };
		FCF45F0D2C1A819C0067389C /* NavigationRouter.swift */ = {isa = PBXFileReference; lastKnownFileType = sourcecode.swift; path = NavigationRouter.swift; sourceTree = "<group>"; };
		FCF45F0F2C1A82F40067389C /* RootView.swift */ = {isa = PBXFileReference; lastKnownFileType = sourcecode.swift; path = RootView.swift; sourceTree = "<group>"; };
		FCF45F112C1A84230067389C /* MealDetailsView.swift */ = {isa = PBXFileReference; lastKnownFileType = sourcecode.swift; path = MealDetailsView.swift; sourceTree = "<group>"; };
		FCF45F132C1A90800067389C /* MealDetailsView-ViewModel.swift */ = {isa = PBXFileReference; lastKnownFileType = sourcecode.swift; path = "MealDetailsView-ViewModel.swift"; sourceTree = "<group>"; };
/* End PBXFileReference section */

/* Begin PBXFrameworksBuildPhase section */
		FC8F6A742C190B0E00D9A975 /* Frameworks */ = {
			isa = PBXFrameworksBuildPhase;
			buildActionMask = 2147483647;
			files = (
			);
			runOnlyForDeploymentPostprocessing = 0;
		};
		FC8F6A842C190B1000D9A975 /* Frameworks */ = {
			isa = PBXFrameworksBuildPhase;
			buildActionMask = 2147483647;
			files = (
			);
			runOnlyForDeploymentPostprocessing = 0;
		};
		FC8F6A8E2C190B1000D9A975 /* Frameworks */ = {
			isa = PBXFrameworksBuildPhase;
			buildActionMask = 2147483647;
			files = (
			);
			runOnlyForDeploymentPostprocessing = 0;
		};
/* End PBXFrameworksBuildPhase section */

/* Begin PBXGroup section */
		FC4AD3282C190DC4000EDBB2 /* Models */ = {
			isa = PBXGroup;
			children = (
				FC4AD3292C190FF1000EDBB2 /* MealItem.swift */,
				FC4AD32F2C19228E000EDBB2 /* MealItem+Extension.swift */,
				FC4AD32D2C19171D000EDBB2 /* Meal.swift */,
				FC4AD32B2C190FFA000EDBB2 /* Meal+Extension.swift */,
				FCB497A22C1BD95F00ECDBBC /* MealCategory.swift */,
			);
			path = Models;
			sourceTree = "<group>";
		};
		FC4AD3312C192BB3000EDBB2 /* Network */ = {
			isa = PBXGroup;
			children = (
				FC4AD3322C192C6C000EDBB2 /* Session.swift */,
				FC4AD3342C192DD0000EDBB2 /* Network.swift */,
				FC4AD33C2C194B88000EDBB2 /* NetworkProvider.swift */,
			);
			path = Network;
			sourceTree = "<group>";
		};
		FC4AD3362C193927000EDBB2 /* NetworkTests */ = {
			isa = PBXGroup;
			children = (
				FC4AD3372C193944000EDBB2 /* NetworkTests.swift */,
				FCB4979A2C1BA4FF00ECDBBC /* NetworkProviderTests.swift */,
				FC4AD33A2C19398C000EDBB2 /* MockSession.swift */,
				FC4AD33E2C1955DE000EDBB2 /* MockNetworkProvider.swift */,
			);
			path = NetworkTests;
			sourceTree = "<group>";
		};
		FC8A73072C1D0FC300E9FCB4 /* Components */ = {
			isa = PBXGroup;
			children = (
				FC8A73052C1D0D8F00E9FCB4 /* ErrorView.swift */,
				FC0A64802C1D2A2800663EE9 /* WebView.swift */,
			);
			path = Components;
			sourceTree = "<group>";
		};
		FC8F6A6E2C190B0E00D9A975 = {
			isa = PBXGroup;
			children = (
				FC8F6A792C190B0E00D9A975 /* FetchMeals */,
				FCB4979C2C1BB37D00ECDBBC /* FetchMeals.xctestplan */,
				FC8F6A8A2C190B1000D9A975 /* FetchMealsTests */,
				FC8F6A942C190B1000D9A975 /* FetchMealsUITests */,
				FC8F6A782C190B0E00D9A975 /* Products */,
			);
			sourceTree = "<group>";
		};
		FC8F6A782C190B0E00D9A975 /* Products */ = {
			isa = PBXGroup;
			children = (
				FC8F6A772C190B0E00D9A975 /* FetchMeals.app */,
				FC8F6A872C190B1000D9A975 /* FetchMealsTests.xctest */,
				FC8F6A912C190B1000D9A975 /* FetchMealsUITests.xctest */,
			);
			name = Products;
			sourceTree = "<group>";
		};
		FC8F6A792C190B0E00D9A975 /* FetchMeals */ = {
			isa = PBXGroup;
			children = (
				FC4AD3312C192BB3000EDBB2 /* Network */,
				FC4AD3282C190DC4000EDBB2 /* Models */,
				FCF45F052C1A664E0067389C /* Views */,
				FCF45F062C1A66630067389C /* ViewModels */,
				FC8A73072C1D0FC300E9FCB4 /* Components */,
				FC8F6A7A2C190B0E00D9A975 /* FetchMealsApp.swift */,
				FC8F6A7E2C190B1000D9A975 /* Assets.xcassets */,
				FC8F6A802C190B1000D9A975 /* Preview Content */,
			);
			path = FetchMeals;
			sourceTree = "<group>";
		};
		FC8F6A802C190B1000D9A975 /* Preview Content */ = {
			isa = PBXGroup;
			children = (
				FC8F6A812C190B1000D9A975 /* Preview Assets.xcassets */,
				FC8A73032C1CFF9300E9FCB4 /* PreviewNetworkProvider.swift */,
			);
			path = "Preview Content";
			sourceTree = "<group>";
		};
		FC8F6A8A2C190B1000D9A975 /* FetchMealsTests */ = {
			isa = PBXGroup;
			children = (
				FC4AD3362C193927000EDBB2 /* NetworkTests */,
				FCB4979D2C1BB93000ECDBBC /* ViewModelTests */,
			);
			path = FetchMealsTests;
			sourceTree = "<group>";
		};
		FC8F6A942C190B1000D9A975 /* FetchMealsUITests */ = {
			isa = PBXGroup;
			children = (
				FC8F6A952C190B1000D9A975 /* FetchMealsUITests.swift */,
				FC8F6A972C190B1000D9A975 /* FetchMealsUITestsLaunchTests.swift */,
			);
			path = FetchMealsUITests;
			sourceTree = "<group>";
		};
		FCB4979D2C1BB93000ECDBBC /* ViewModelTests */ = {
			isa = PBXGroup;
			children = (
				FCB4979E2C1BB95500ECDBBC /* MealsView-ViewModelTests.swift */,
				FCB497A02C1BCFC000ECDBBC /* MealDetailsView-ViewModelTests.swift */,
				FC2BD5072C1C054300E4A713 /* CategoryView-ViewModelTests.swift */,
			);
			path = ViewModelTests;
			sourceTree = "<group>";
		};
		FCF45F052C1A664E0067389C /* Views */ = {
			isa = PBXGroup;
			children = (
				FCF45F0F2C1A82F40067389C /* RootView.swift */,
				FCF45F072C1A669A0067389C /* MealsView.swift */,
				FCF45F112C1A84230067389C /* MealDetailsView.swift */,
				FC8A73082C1D18FC00E9FCB4 /* MealDetailsView+Extension.swift */,
				FC2BD5032C1BFC5200E4A713 /* CategoryView.swift */,
			);
			path = Views;
			sourceTree = "<group>";
		};
		FCF45F062C1A66630067389C /* ViewModels */ = {
			isa = PBXGroup;
			children = (
				FCF45F0B2C1A68520067389C /* ViewState.swift */,
				FCF45F0D2C1A819C0067389C /* NavigationRouter.swift */,
				FCF45F092C1A66E60067389C /* MealsView-ViewModel.swift */,
				FCF45F132C1A90800067389C /* MealDetailsView-ViewModel.swift */,
				FC2BD5052C1BFC8E00E4A713 /* CategoryView-ViewModel.swift */,
			);
			path = ViewModels;
			sourceTree = "<group>";
		};
/* End PBXGroup section */

/* Begin PBXNativeTarget section */
		FC8F6A762C190B0E00D9A975 /* FetchMeals */ = {
			isa = PBXNativeTarget;
			buildConfigurationList = FC8F6A9B2C190B1000D9A975 /* Build configuration list for PBXNativeTarget "FetchMeals" */;
			buildPhases = (
				FC8F6A732C190B0E00D9A975 /* Sources */,
				FC8F6A742C190B0E00D9A975 /* Frameworks */,
				FC8F6A752C190B0E00D9A975 /* Resources */,
			);
			buildRules = (
			);
			dependencies = (
			);
			name = FetchMeals;
			productName = FetchMeals;
			productReference = FC8F6A772C190B0E00D9A975 /* FetchMeals.app */;
			productType = "com.apple.product-type.application";
		};
		FC8F6A862C190B1000D9A975 /* FetchMealsTests */ = {
			isa = PBXNativeTarget;
			buildConfigurationList = FC8F6A9E2C190B1000D9A975 /* Build configuration list for PBXNativeTarget "FetchMealsTests" */;
			buildPhases = (
				FC8F6A832C190B1000D9A975 /* Sources */,
				FC8F6A842C190B1000D9A975 /* Frameworks */,
				FC8F6A852C190B1000D9A975 /* Resources */,
			);
			buildRules = (
			);
			dependencies = (
				FC8F6A892C190B1000D9A975 /* PBXTargetDependency */,
			);
			name = FetchMealsTests;
			productName = FetchMealsTests;
			productReference = FC8F6A872C190B1000D9A975 /* FetchMealsTests.xctest */;
			productType = "com.apple.product-type.bundle.unit-test";
		};
		FC8F6A902C190B1000D9A975 /* FetchMealsUITests */ = {
			isa = PBXNativeTarget;
			buildConfigurationList = FC8F6AA12C190B1000D9A975 /* Build configuration list for PBXNativeTarget "FetchMealsUITests" */;
			buildPhases = (
				FC8F6A8D2C190B1000D9A975 /* Sources */,
				FC8F6A8E2C190B1000D9A975 /* Frameworks */,
				FC8F6A8F2C190B1000D9A975 /* Resources */,
			);
			buildRules = (
			);
			dependencies = (
				FC8F6A932C190B1000D9A975 /* PBXTargetDependency */,
			);
			name = FetchMealsUITests;
			productName = FetchMealsUITests;
			productReference = FC8F6A912C190B1000D9A975 /* FetchMealsUITests.xctest */;
			productType = "com.apple.product-type.bundle.ui-testing";
		};
/* End PBXNativeTarget section */

/* Begin PBXProject section */
		FC8F6A6F2C190B0E00D9A975 /* Project object */ = {
			isa = PBXProject;
			attributes = {
				BuildIndependentTargetsInParallel = 1;
				LastSwiftUpdateCheck = 1540;
				LastUpgradeCheck = 1540;
				TargetAttributes = {
					FC8F6A762C190B0E00D9A975 = {
						CreatedOnToolsVersion = 15.4;
					};
					FC8F6A862C190B1000D9A975 = {
						CreatedOnToolsVersion = 15.4;
						TestTargetID = FC8F6A762C190B0E00D9A975;
					};
					FC8F6A902C190B1000D9A975 = {
						CreatedOnToolsVersion = 15.4;
						TestTargetID = FC8F6A762C190B0E00D9A975;
					};
				};
			};
			buildConfigurationList = FC8F6A722C190B0E00D9A975 /* Build configuration list for PBXProject "FetchMeals" */;
			compatibilityVersion = "Xcode 14.0";
			developmentRegion = en;
			hasScannedForEncodings = 0;
			knownRegions = (
				en,
				Base,
			);
			mainGroup = FC8F6A6E2C190B0E00D9A975;
			productRefGroup = FC8F6A782C190B0E00D9A975 /* Products */;
			projectDirPath = "";
			projectRoot = "";
			targets = (
				FC8F6A762C190B0E00D9A975 /* FetchMeals */,
				FC8F6A862C190B1000D9A975 /* FetchMealsTests */,
				FC8F6A902C190B1000D9A975 /* FetchMealsUITests */,
			);
		};
/* End PBXProject section */

/* Begin PBXResourcesBuildPhase section */
		FC8F6A752C190B0E00D9A975 /* Resources */ = {
			isa = PBXResourcesBuildPhase;
			buildActionMask = 2147483647;
			files = (
				FC8F6A822C190B1000D9A975 /* Preview Assets.xcassets in Resources */,
				FC8F6A7F2C190B1000D9A975 /* Assets.xcassets in Resources */,
			);
			runOnlyForDeploymentPostprocessing = 0;
		};
		FC8F6A852C190B1000D9A975 /* Resources */ = {
			isa = PBXResourcesBuildPhase;
			buildActionMask = 2147483647;
			files = (
			);
			runOnlyForDeploymentPostprocessing = 0;
		};
		FC8F6A8F2C190B1000D9A975 /* Resources */ = {
			isa = PBXResourcesBuildPhase;
			buildActionMask = 2147483647;
			files = (
			);
			runOnlyForDeploymentPostprocessing = 0;
		};
/* End PBXResourcesBuildPhase section */

/* Begin PBXSourcesBuildPhase section */
		FC8F6A732C190B0E00D9A975 /* Sources */ = {
			isa = PBXSourcesBuildPhase;
			buildActionMask = 2147483647;
			files = (
				FC4AD3332C192C6C000EDBB2 /* Session.swift in Sources */,
				FCF45F0A2C1A66E60067389C /* MealsView-ViewModel.swift in Sources */,
				FCF45F0E2C1A819C0067389C /* NavigationRouter.swift in Sources */,
				FCF45F142C1A90800067389C /* MealDetailsView-ViewModel.swift in Sources */,
				FCF45F0C2C1A68520067389C /* ViewState.swift in Sources */,
				FC4AD32E2C19171D000EDBB2 /* Meal.swift in Sources */,
				FC2BD5062C1BFC8E00E4A713 /* CategoryView-ViewModel.swift in Sources */,
				FCF45F082C1A669A0067389C /* MealsView.swift in Sources */,
				FCF45F122C1A84240067389C /* MealDetailsView.swift in Sources */,
				FC4AD33D2C194B88000EDBB2 /* NetworkProvider.swift in Sources */,
				FC8A73042C1CFF9300E9FCB4 /* PreviewNetworkProvider.swift in Sources */,
				FC2BD5042C1BFC5200E4A713 /* CategoryView.swift in Sources */,
				FC4AD3352C192DD0000EDBB2 /* Network.swift in Sources */,
				FCB497A32C1BD95F00ECDBBC /* MealCategory.swift in Sources */,
				FC4AD3302C19228E000EDBB2 /* MealItem+Extension.swift in Sources */,
				FC8A73062C1D0D8F00E9FCB4 /* ErrorView.swift in Sources */,
				FCF45F102C1A82F40067389C /* RootView.swift in Sources */,
				FC4AD32A2C190FF2000EDBB2 /* MealItem.swift in Sources */,
				FC8A73092C1D18FC00E9FCB4 /* MealDetailsView+Extension.swift in Sources */,
				FC4AD32C2C190FFA000EDBB2 /* Meal+Extension.swift in Sources */,
				FC8F6A7B2C190B0E00D9A975 /* FetchMealsApp.swift in Sources */,
				FC0A64812C1D2A2800663EE9 /* WebView.swift in Sources */,
			);
			runOnlyForDeploymentPostprocessing = 0;
		};
		FC8F6A832C190B1000D9A975 /* Sources */ = {
			isa = PBXSourcesBuildPhase;
			buildActionMask = 2147483647;
			files = (
				FCB4979F2C1BB95500ECDBBC /* MealsView-ViewModelTests.swift in Sources */,
				FC4AD33B2C19398C000EDBB2 /* MockSession.swift in Sources */,
				FCB4979B2C1BA4FF00ECDBBC /* NetworkProviderTests.swift in Sources */,
				FC2BD5082C1C054300E4A713 /* CategoryView-ViewModelTests.swift in Sources */,
				FCB497A12C1BCFC000ECDBBC /* MealDetailsView-ViewModelTests.swift in Sources */,
				FC4AD3382C193944000EDBB2 /* NetworkTests.swift in Sources */,
				FC4AD33F2C1955DE000EDBB2 /* MockNetworkProvider.swift in Sources */,
			);
			runOnlyForDeploymentPostprocessing = 0;
		};
		FC8F6A8D2C190B1000D9A975 /* Sources */ = {
			isa = PBXSourcesBuildPhase;
			buildActionMask = 2147483647;
			files = (
				FC8F6A982C190B1000D9A975 /* FetchMealsUITestsLaunchTests.swift in Sources */,
				FC8F6A962C190B1000D9A975 /* FetchMealsUITests.swift in Sources */,
			);
			runOnlyForDeploymentPostprocessing = 0;
		};
/* End PBXSourcesBuildPhase section */

/* Begin PBXTargetDependency section */
		FC8F6A892C190B1000D9A975 /* PBXTargetDependency */ = {
			isa = PBXTargetDependency;
			target = FC8F6A762C190B0E00D9A975 /* FetchMeals */;
			targetProxy = FC8F6A882C190B1000D9A975 /* PBXContainerItemProxy */;
		};
		FC8F6A932C190B1000D9A975 /* PBXTargetDependency */ = {
			isa = PBXTargetDependency;
			target = FC8F6A762C190B0E00D9A975 /* FetchMeals */;
			targetProxy = FC8F6A922C190B1000D9A975 /* PBXContainerItemProxy */;
		};
/* End PBXTargetDependency section */

/* Begin XCBuildConfiguration section */
		FC8F6A992C190B1000D9A975 /* Debug */ = {
			isa = XCBuildConfiguration;
			buildSettings = {
				ALWAYS_SEARCH_USER_PATHS = NO;
				ASSETCATALOG_COMPILER_GENERATE_SWIFT_ASSET_SYMBOL_EXTENSIONS = YES;
				CLANG_ANALYZER_NONNULL = YES;
				CLANG_ANALYZER_NUMBER_OBJECT_CONVERSION = YES_AGGRESSIVE;
				CLANG_CXX_LANGUAGE_STANDARD = "gnu++20";
				CLANG_ENABLE_MODULES = YES;
				CLANG_ENABLE_OBJC_ARC = YES;
				CLANG_ENABLE_OBJC_WEAK = YES;
				CLANG_WARN_BLOCK_CAPTURE_AUTORELEASING = YES;
				CLANG_WARN_BOOL_CONVERSION = YES;
				CLANG_WARN_COMMA = YES;
				CLANG_WARN_CONSTANT_CONVERSION = YES;
				CLANG_WARN_DEPRECATED_OBJC_IMPLEMENTATIONS = YES;
				CLANG_WARN_DIRECT_OBJC_ISA_USAGE = YES_ERROR;
				CLANG_WARN_DOCUMENTATION_COMMENTS = YES;
				CLANG_WARN_EMPTY_BODY = YES;
				CLANG_WARN_ENUM_CONVERSION = YES;
				CLANG_WARN_INFINITE_RECURSION = YES;
				CLANG_WARN_INT_CONVERSION = YES;
				CLANG_WARN_NON_LITERAL_NULL_CONVERSION = YES;
				CLANG_WARN_OBJC_IMPLICIT_RETAIN_SELF = YES;
				CLANG_WARN_OBJC_LITERAL_CONVERSION = YES;
				CLANG_WARN_OBJC_ROOT_CLASS = YES_ERROR;
				CLANG_WARN_QUOTED_INCLUDE_IN_FRAMEWORK_HEADER = YES;
				CLANG_WARN_RANGE_LOOP_ANALYSIS = YES;
				CLANG_WARN_STRICT_PROTOTYPES = YES;
				CLANG_WARN_SUSPICIOUS_MOVE = YES;
				CLANG_WARN_UNGUARDED_AVAILABILITY = YES_AGGRESSIVE;
				CLANG_WARN_UNREACHABLE_CODE = YES;
				CLANG_WARN__DUPLICATE_METHOD_MATCH = YES;
				COPY_PHASE_STRIP = NO;
				DEBUG_INFORMATION_FORMAT = dwarf;
				ENABLE_STRICT_OBJC_MSGSEND = YES;
				ENABLE_TESTABILITY = YES;
				ENABLE_USER_SCRIPT_SANDBOXING = YES;
				GCC_C_LANGUAGE_STANDARD = gnu17;
				GCC_DYNAMIC_NO_PIC = NO;
				GCC_NO_COMMON_BLOCKS = YES;
				GCC_OPTIMIZATION_LEVEL = 0;
				GCC_PREPROCESSOR_DEFINITIONS = (
					"DEBUG=1",
					"$(inherited)",
				);
				GCC_WARN_64_TO_32_BIT_CONVERSION = YES;
				GCC_WARN_ABOUT_RETURN_TYPE = YES_ERROR;
				GCC_WARN_UNDECLARED_SELECTOR = YES;
				GCC_WARN_UNINITIALIZED_AUTOS = YES_AGGRESSIVE;
				GCC_WARN_UNUSED_FUNCTION = YES;
				GCC_WARN_UNUSED_VARIABLE = YES;
				IPHONEOS_DEPLOYMENT_TARGET = 17.5;
				LOCALIZATION_PREFERS_STRING_CATALOGS = YES;
				MTL_ENABLE_DEBUG_INFO = INCLUDE_SOURCE;
				MTL_FAST_MATH = YES;
				ONLY_ACTIVE_ARCH = YES;
				SDKROOT = iphoneos;
				SWIFT_ACTIVE_COMPILATION_CONDITIONS = "DEBUG $(inherited)";
				SWIFT_OPTIMIZATION_LEVEL = "-Onone";
			};
			name = Debug;
		};
		FC8F6A9A2C190B1000D9A975 /* Release */ = {
			isa = XCBuildConfiguration;
			buildSettings = {
				ALWAYS_SEARCH_USER_PATHS = NO;
				ASSETCATALOG_COMPILER_GENERATE_SWIFT_ASSET_SYMBOL_EXTENSIONS = YES;
				CLANG_ANALYZER_NONNULL = YES;
				CLANG_ANALYZER_NUMBER_OBJECT_CONVERSION = YES_AGGRESSIVE;
				CLANG_CXX_LANGUAGE_STANDARD = "gnu++20";
				CLANG_ENABLE_MODULES = YES;
				CLANG_ENABLE_OBJC_ARC = YES;
				CLANG_ENABLE_OBJC_WEAK = YES;
				CLANG_WARN_BLOCK_CAPTURE_AUTORELEASING = YES;
				CLANG_WARN_BOOL_CONVERSION = YES;
				CLANG_WARN_COMMA = YES;
				CLANG_WARN_CONSTANT_CONVERSION = YES;
				CLANG_WARN_DEPRECATED_OBJC_IMPLEMENTATIONS = YES;
				CLANG_WARN_DIRECT_OBJC_ISA_USAGE = YES_ERROR;
				CLANG_WARN_DOCUMENTATION_COMMENTS = YES;
				CLANG_WARN_EMPTY_BODY = YES;
				CLANG_WARN_ENUM_CONVERSION = YES;
				CLANG_WARN_INFINITE_RECURSION = YES;
				CLANG_WARN_INT_CONVERSION = YES;
				CLANG_WARN_NON_LITERAL_NULL_CONVERSION = YES;
				CLANG_WARN_OBJC_IMPLICIT_RETAIN_SELF = YES;
				CLANG_WARN_OBJC_LITERAL_CONVERSION = YES;
				CLANG_WARN_OBJC_ROOT_CLASS = YES_ERROR;
				CLANG_WARN_QUOTED_INCLUDE_IN_FRAMEWORK_HEADER = YES;
				CLANG_WARN_RANGE_LOOP_ANALYSIS = YES;
				CLANG_WARN_STRICT_PROTOTYPES = YES;
				CLANG_WARN_SUSPICIOUS_MOVE = YES;
				CLANG_WARN_UNGUARDED_AVAILABILITY = YES_AGGRESSIVE;
				CLANG_WARN_UNREACHABLE_CODE = YES;
				CLANG_WARN__DUPLICATE_METHOD_MATCH = YES;
				COPY_PHASE_STRIP = NO;
				DEBUG_INFORMATION_FORMAT = "dwarf-with-dsym";
				ENABLE_NS_ASSERTIONS = NO;
				ENABLE_STRICT_OBJC_MSGSEND = YES;
				ENABLE_USER_SCRIPT_SANDBOXING = YES;
				GCC_C_LANGUAGE_STANDARD = gnu17;
				GCC_NO_COMMON_BLOCKS = YES;
				GCC_WARN_64_TO_32_BIT_CONVERSION = YES;
				GCC_WARN_ABOUT_RETURN_TYPE = YES_ERROR;
				GCC_WARN_UNDECLARED_SELECTOR = YES;
				GCC_WARN_UNINITIALIZED_AUTOS = YES_AGGRESSIVE;
				GCC_WARN_UNUSED_FUNCTION = YES;
				GCC_WARN_UNUSED_VARIABLE = YES;
				IPHONEOS_DEPLOYMENT_TARGET = 17.5;
				LOCALIZATION_PREFERS_STRING_CATALOGS = YES;
				MTL_ENABLE_DEBUG_INFO = NO;
				MTL_FAST_MATH = YES;
				SDKROOT = iphoneos;
				SWIFT_COMPILATION_MODE = wholemodule;
				VALIDATE_PRODUCT = YES;
			};
			name = Release;
		};
		FC8F6A9C2C190B1000D9A975 /* Debug */ = {
			isa = XCBuildConfiguration;
			buildSettings = {
				ASSETCATALOG_COMPILER_APPICON_NAME = AppIcon;
				ASSETCATALOG_COMPILER_GLOBAL_ACCENT_COLOR_NAME = AccentColor;
				CODE_SIGN_STYLE = Automatic;
				CURRENT_PROJECT_VERSION = 1;
				DEVELOPMENT_ASSET_PATHS = "\"FetchMeals/Preview Content\"";
				DEVELOPMENT_TEAM = N477T5ZBLS;
				ENABLE_PREVIEWS = YES;
				GENERATE_INFOPLIST_FILE = YES;
				INFOPLIST_KEY_UIApplicationSceneManifest_Generation = YES;
				INFOPLIST_KEY_UIApplicationSupportsIndirectInputEvents = YES;
				INFOPLIST_KEY_UILaunchScreen_Generation = YES;
				INFOPLIST_KEY_UIRequiresFullScreen = YES;
				INFOPLIST_KEY_UIStatusBarHidden = YES;
				INFOPLIST_KEY_UIStatusBarStyle = UIStatusBarStyleDarkContent;
				INFOPLIST_KEY_UISupportedInterfaceOrientations = UIInterfaceOrientationPortrait;
				INFOPLIST_KEY_UISupportedInterfaceOrientations_iPad = "UIInterfaceOrientationPortrait UIInterfaceOrientationPortraitUpsideDown";
				LD_RUNPATH_SEARCH_PATHS = (
					"$(inherited)",
					"@executable_path/Frameworks",
				);
				MARKETING_VERSION = 1.0;
				PRODUCT_BUNDLE_IDENTIFIER = hauntarl.swiftui.FetchMeals;
				PRODUCT_NAME = "$(TARGET_NAME)";
				SWIFT_EMIT_LOC_STRINGS = YES;
				SWIFT_VERSION = 5.0;
				TARGETED_DEVICE_FAMILY = "1,2";
			};
			name = Debug;
		};
		FC8F6A9D2C190B1000D9A975 /* Release */ = {
			isa = XCBuildConfiguration;
			buildSettings = {
				ASSETCATALOG_COMPILER_APPICON_NAME = AppIcon;
				ASSETCATALOG_COMPILER_GLOBAL_ACCENT_COLOR_NAME = AccentColor;
				CODE_SIGN_STYLE = Automatic;
				CURRENT_PROJECT_VERSION = 1;
				DEVELOPMENT_ASSET_PATHS = "\"FetchMeals/Preview Content\"";
				DEVELOPMENT_TEAM = N477T5ZBLS;
				ENABLE_PREVIEWS = YES;
				GENERATE_INFOPLIST_FILE = YES;
				INFOPLIST_KEY_UIApplicationSceneManifest_Generation = YES;
				INFOPLIST_KEY_UIApplicationSupportsIndirectInputEvents = YES;
				INFOPLIST_KEY_UILaunchScreen_Generation = YES;
				INFOPLIST_KEY_UIRequiresFullScreen = YES;
				INFOPLIST_KEY_UIStatusBarHidden = YES;
				INFOPLIST_KEY_UIStatusBarStyle = UIStatusBarStyleDarkContent;
				INFOPLIST_KEY_UISupportedInterfaceOrientations = UIInterfaceOrientationPortrait;
				INFOPLIST_KEY_UISupportedInterfaceOrientations_iPad = "UIInterfaceOrientationPortrait UIInterfaceOrientationPortraitUpsideDown";
				LD_RUNPATH_SEARCH_PATHS = (
					"$(inherited)",
					"@executable_path/Frameworks",
				);
				MARKETING_VERSION = 1.0;
				PRODUCT_BUNDLE_IDENTIFIER = hauntarl.swiftui.FetchMeals;
				PRODUCT_NAME = "$(TARGET_NAME)";
				SWIFT_EMIT_LOC_STRINGS = YES;
				SWIFT_VERSION = 5.0;
				TARGETED_DEVICE_FAMILY = "1,2";
			};
			name = Release;
		};
		FC8F6A9F2C190B1000D9A975 /* Debug */ = {
			isa = XCBuildConfiguration;
			buildSettings = {
				ALWAYS_EMBED_SWIFT_STANDARD_LIBRARIES = YES;
				BUNDLE_LOADER = "$(TEST_HOST)";
				CODE_SIGN_STYLE = Automatic;
				CURRENT_PROJECT_VERSION = 1;
				DEVELOPMENT_TEAM = N477T5ZBLS;
				GENERATE_INFOPLIST_FILE = YES;
				IPHONEOS_DEPLOYMENT_TARGET = 17.5;
				MARKETING_VERSION = 1.0;
				PRODUCT_BUNDLE_IDENTIFIER = hauntarl.swiftui.FetchMealsTests;
				PRODUCT_NAME = "$(TARGET_NAME)";
				SWIFT_EMIT_LOC_STRINGS = NO;
				SWIFT_VERSION = 5.0;
				TARGETED_DEVICE_FAMILY = "1,2";
				TEST_HOST = "$(BUILT_PRODUCTS_DIR)/FetchMeals.app/$(BUNDLE_EXECUTABLE_FOLDER_PATH)/FetchMeals";
			};
			name = Debug;
		};
		FC8F6AA02C190B1000D9A975 /* Release */ = {
			isa = XCBuildConfiguration;
			buildSettings = {
				ALWAYS_EMBED_SWIFT_STANDARD_LIBRARIES = YES;
				BUNDLE_LOADER = "$(TEST_HOST)";
				CODE_SIGN_STYLE = Automatic;
				CURRENT_PROJECT_VERSION = 1;
				DEVELOPMENT_TEAM = N477T5ZBLS;
				GENERATE_INFOPLIST_FILE = YES;
				IPHONEOS_DEPLOYMENT_TARGET = 17.5;
				MARKETING_VERSION = 1.0;
				PRODUCT_BUNDLE_IDENTIFIER = hauntarl.swiftui.FetchMealsTests;
				PRODUCT_NAME = "$(TARGET_NAME)";
				SWIFT_EMIT_LOC_STRINGS = NO;
				SWIFT_VERSION = 5.0;
				TARGETED_DEVICE_FAMILY = "1,2";
				TEST_HOST = "$(BUILT_PRODUCTS_DIR)/FetchMeals.app/$(BUNDLE_EXECUTABLE_FOLDER_PATH)/FetchMeals";
			};
			name = Release;
		};
		FC8F6AA22C190B1000D9A975 /* Debug */ = {
			isa = XCBuildConfiguration;
			buildSettings = {
				ALWAYS_EMBED_SWIFT_STANDARD_LIBRARIES = YES;
				CODE_SIGN_STYLE = Automatic;
				CURRENT_PROJECT_VERSION = 1;
				DEVELOPMENT_TEAM = N477T5ZBLS;
				GENERATE_INFOPLIST_FILE = YES;
				MARKETING_VERSION = 1.0;
				PRODUCT_BUNDLE_IDENTIFIER = hauntarl.swiftui.FetchMealsUITests;
				PRODUCT_NAME = "$(TARGET_NAME)";
				SWIFT_EMIT_LOC_STRINGS = NO;
				SWIFT_VERSION = 5.0;
				TARGETED_DEVICE_FAMILY = "1,2";
				TEST_TARGET_NAME = FetchMeals;
			};
			name = Debug;
		};
		FC8F6AA32C190B1000D9A975 /* Release */ = {
			isa = XCBuildConfiguration;
			buildSettings = {
				ALWAYS_EMBED_SWIFT_STANDARD_LIBRARIES = YES;
				CODE_SIGN_STYLE = Automatic;
				CURRENT_PROJECT_VERSION = 1;
				DEVELOPMENT_TEAM = N477T5ZBLS;
				GENERATE_INFOPLIST_FILE = YES;
				MARKETING_VERSION = 1.0;
				PRODUCT_BUNDLE_IDENTIFIER = hauntarl.swiftui.FetchMealsUITests;
				PRODUCT_NAME = "$(TARGET_NAME)";
				SWIFT_EMIT_LOC_STRINGS = NO;
				SWIFT_VERSION = 5.0;
				TARGETED_DEVICE_FAMILY = "1,2";
				TEST_TARGET_NAME = FetchMeals;
			};
			name = Release;
		};
/* End XCBuildConfiguration section */

/* Begin XCConfigurationList section */
		FC8F6A722C190B0E00D9A975 /* Build configuration list for PBXProject "FetchMeals" */ = {
			isa = XCConfigurationList;
			buildConfigurations = (
				FC8F6A992C190B1000D9A975 /* Debug */,
				FC8F6A9A2C190B1000D9A975 /* Release */,
			);
			defaultConfigurationIsVisible = 0;
			defaultConfigurationName = Release;
		};
		FC8F6A9B2C190B1000D9A975 /* Build configuration list for PBXNativeTarget "FetchMeals" */ = {
			isa = XCConfigurationList;
			buildConfigurations = (
				FC8F6A9C2C190B1000D9A975 /* Debug */,
				FC8F6A9D2C190B1000D9A975 /* Release */,
			);
			defaultConfigurationIsVisible = 0;
			defaultConfigurationName = Release;
		};
		FC8F6A9E2C190B1000D9A975 /* Build configuration list for PBXNativeTarget "FetchMealsTests" */ = {
			isa = XCConfigurationList;
			buildConfigurations = (
				FC8F6A9F2C190B1000D9A975 /* Debug */,
				FC8F6AA02C190B1000D9A975 /* Release */,
			);
			defaultConfigurationIsVisible = 0;
			defaultConfigurationName = Release;
		};
		FC8F6AA12C190B1000D9A975 /* Build configuration list for PBXNativeTarget "FetchMealsUITests" */ = {
			isa = XCConfigurationList;
			buildConfigurations = (
				FC8F6AA22C190B1000D9A975 /* Debug */,
				FC8F6AA32C190B1000D9A975 /* Release */,
			);
			defaultConfigurationIsVisible = 0;
			defaultConfigurationName = Release;
		};
/* End XCConfigurationList section */
	};
	rootObject = FC8F6A6F2C190B0E00D9A975 /* Project object */;
}
